{
  "name": "Demo",
  "version": "1.0.0",
  "lockfileVersion": 1,
  "requires": true,
  "dependencies": {
    "vuex-class": {
      "version": "0.3.2",
      "resolved": "https://registry.npmjs.org/vuex-class/-/vuex-class-0.3.2.tgz",
      "integrity": "sha512-m0w7/FMsNcwJgunJeM+wcNaHzK2KX1K1rw2WUQf7Q16ndXHo7pflRyOV/E8795JO/7fstyjH3EgqBI4h4n4qXQ=="
    }
  }
}
